
Microsoft Visual Studio Solution File, Format Version 12.00
# Visual Studio 15
VisualStudioVersion = 15.0.28010.2019
MinimumVisualStudioVersion = 10.0.40219.1
Project("{2150E333-8FDC-42A3-9474-1A3956D46DE8}") = "1-Code", "1-Code", "{93202592-2B94-46CA-9BE7-42752F73532E}"
EndProject
Project("{2150E333-8FDC-42A3-9474-1A3956D46DE8}") = "2-Test", "2-Test", "{4D536A5D-DBB4-4949-8D31-A3493A58C548}"
EndProject
Project("{2150E333-8FDC-42A3-9474-1A3956D46DE8}") = "1.1-Infrastructure", "1.1-Infrastructure", "{5E265601-8B3C-4A58-BEBF-7460F98982CC}"
EndProject
Project("{2150E333-8FDC-42A3-9474-1A3956D46DE8}") = "1.2-Domain", "1.2-Domain", "{23473B9F-162F-4105-8DFE-E0C1DC9AC6D5}"
EndProject
Project("{2150E333-8FDC-42A3-9474-1A3956D46DE8}") = "1.3-Application", "1.3-Application", "{1A82367B-B7D3-48A8-B915-CB210F47249B}"
EndProject
Project("{2150E333-8FDC-42A3-9474-1A3956D46DE8}") = "1.4-Presentation", "1.4-Presentation", "{B19B41F4-C97A-4FB0-94BC-F1002A35DD58}"
EndProject
Project("{9A19103F-16F7-4668-BE54-9A1E7A4F7556}") = "Wboy.Infrastructure.Core", "Wboy.Infrastructure.Core\Wboy.Infrastructure.Core.csproj", "{2A96ECBC-CCEC-4250-A142-305B4CFABB12}"
EndProject
Project("{9A19103F-16F7-4668-BE54-9A1E7A4F7556}") = "Wboy.MySql.EfCore", "Wboy.MySql.EfCore\Wboy.MySql.EfCore.csproj", "{494DAA70-5554-453E-BDCF-C62E20C452D1}"
EndProject
Project("{9A19103F-16F7-4668-BE54-9A1E7A4F7556}") = "Wboy.Domain", "Wboy.Domain\Wboy.Domain.csproj", "{A29B8C88-F321-4794-BF3F-BD401F292ED9}"
EndProject
Project("{9A19103F-16F7-4668-BE54-9A1E7A4F7556}") = "Wboy.Application.Dto", "Wboy.Application.Dto\Wboy.Application.Dto.csproj", "{F0E3F6E8-AD3E-4100-8641-14C183CDED3B}"
EndProject
Project("{9A19103F-16F7-4668-BE54-9A1E7A4F7556}") = "Wboy.Application.Service", "Wboy.Application.Service\Wboy.Application.Service.csproj", "{D4F2EE0B-8669-4F3A-92A1-8B97B3549E95}"
EndProject
Project("{9A19103F-16F7-4668-BE54-9A1E7A4F7556}") = "Wboy.WebApp", "Wboy.WebApp\Wboy.WebApp.csproj", "{F16986F2-6001-490D-8BF6-5ADA6AD5D3D2}"
EndProject
Global
	GlobalSection(SolutionConfigurationPlatforms) = preSolution
		Debug|Any CPU = Debug|Any CPU
		Release|Any CPU = Release|Any CPU
	EndGlobalSection
	GlobalSection(ProjectConfigurationPlatforms) = postSolution
		{2A96ECBC-CCEC-4250-A142-305B4CFABB12}.Debug|Any CPU.ActiveCfg = Debug|Any CPU
		{2A96ECBC-CCEC-4250-A142-305B4CFABB12}.Debug|Any CPU.Build.0 = Debug|Any CPU
		{2A96ECBC-CCEC-4250-A142-305B4CFABB12}.Release|Any CPU.ActiveCfg = Release|Any CPU
		{2A96ECBC-CCEC-4250-A142-305B4CFABB12}.Release|Any CPU.Build.0 = Release|Any CPU
		{494DAA70-5554-453E-BDCF-C62E20C452D1}.Debug|Any CPU.ActiveCfg = Debug|Any CPU
		{494DAA70-5554-453E-BDCF-C62E20C452D1}.Debug|Any CPU.Build.0 = Debug|Any CPU
		{494DAA70-5554-453E-BDCF-C62E20C452D1}.Release|Any CPU.ActiveCfg = Release|Any CPU
		{494DAA70-5554-453E-BDCF-C62E20C452D1}.Release|Any CPU.Build.0 = Release|Any CPU
		{A29B8C88-F321-4794-BF3F-BD401F292ED9}.Debug|Any CPU.ActiveCfg = Debug|Any CPU
		{A29B8C88-F321-4794-BF3F-BD401F292ED9}.Debug|Any CPU.Build.0 = Debug|Any CPU
		{A29B8C88-F321-4794-BF3F-BD401F292ED9}.Release|Any CPU.ActiveCfg = Release|Any CPU
		{A29B8C88-F321-4794-BF3F-BD401F292ED9}.Release|Any CPU.Build.0 = Release|Any CPU
		{F0E3F6E8-AD3E-4100-8641-14C183CDED3B}.Debug|Any CPU.ActiveCfg = Debug|Any CPU
		{F0E3F6E8-AD3E-4100-8641-14C183CDED3B}.Debug|Any CPU.Build.0 = Debug|Any CPU
		{F0E3F6E8-AD3E-4100-8641-14C183CDED3B}.Release|Any CPU.ActiveCfg = Release|Any CPU
		{F0E3F6E8-AD3E-4100-8641-14C183CDED3B}.Release|Any CPU.Build.0 = Release|Any CPU
		{D4F2EE0B-8669-4F3A-92A1-8B97B3549E95}.Debug|Any CPU.ActiveCfg = Debug|Any CPU
		{D4F2EE0B-8669-4F3A-92A1-8B97B3549E95}.Debug|Any CPU.Build.0 = Debug|Any CPU
		{D4F2EE0B-8669-4F3A-92A1-8B97B3549E95}.Release|Any CPU.ActiveCfg = Release|Any CPU
		{D4F2EE0B-8669-4F3A-92A1-8B97B3549E95}.Release|Any CPU.Build.0 = Release|Any CPU
		{F16986F2-6001-490D-8BF6-5ADA6AD5D3D2}.Debug|Any CPU.ActiveCfg = Debug|Any CPU
		{F16986F2-6001-490D-8BF6-5ADA6AD5D3D2}.Debug|Any CPU.Build.0 = Debug|Any CPU
		{F16986F2-6001-490D-8BF6-5ADA6AD5D3D2}.Release|Any CPU.ActiveCfg = Release|Any CPU
		{F16986F2-6001-490D-8BF6-5ADA6AD5D3D2}.Release|Any CPU.Build.0 = Release|Any CPU
	EndGlobalSection
	GlobalSection(SolutionProperties) = preSolution
		HideSolutionNode = FALSE
	EndGlobalSection
	GlobalSection(NestedProjects) = preSolution
		{5E265601-8B3C-4A58-BEBF-7460F98982CC} = {93202592-2B94-46CA-9BE7-42752F73532E}
		{23473B9F-162F-4105-8DFE-E0C1DC9AC6D5} = {93202592-2B94-46CA-9BE7-42752F73532E}
		{1A82367B-B7D3-48A8-B915-CB210F47249B} = {93202592-2B94-46CA-9BE7-42752F73532E}
		{B19B41F4-C97A-4FB0-94BC-F1002A35DD58} = {93202592-2B94-46CA-9BE7-42752F73532E}
		{2A96ECBC-CCEC-4250-A142-305B4CFABB12} = {5E265601-8B3C-4A58-BEBF-7460F98982CC}
		{494DAA70-5554-453E-BDCF-C62E20C452D1} = {5E265601-8B3C-4A58-BEBF-7460F98982CC}
		{A29B8C88-F321-4794-BF3F-BD401F292ED9} = {23473B9F-162F-4105-8DFE-E0C1DC9AC6D5}
		{F0E3F6E8-AD3E-4100-8641-14C183CDED3B} = {1A82367B-B7D3-48A8-B915-CB210F47249B}
		{D4F2EE0B-8669-4F3A-92A1-8B97B3549E95} = {1A82367B-B7D3-48A8-B915-CB210F47249B}
		{F16986F2-6001-490D-8BF6-5ADA6AD5D3D2} = {B19B41F4-C97A-4FB0-94BC-F1002A35DD58}
	EndGlobalSection
	GlobalSection(ExtensibilityGlobals) = postSolution
		SolutionGuid = {20AAC33B-4604-43F6-BB0E-CF4E8A69B837}
	EndGlobalSection
EndGlobal
